github.com/adityatelange/hugo-PaperMod v0.0.0-20241103082835-862630533c6d h1:GOCRbZeWbPa3uRJLj0GN/xGVkO++56NSKZFRcpSZclk=
github.com/adityatelange/hugo-PaperMod v0.0.0-20241103082835-862630533c6d/go.mod h1:HCHxNMKYdGafUYjVV3ICiAqznZK2yH0iI53jqcDFDdQ=
github.com/gethugothemes/hugo-modules/images v0.0.0-20231025030535-37017d01a181 h1:HOo5+dbFq6CZPiZPNlCXo7RUh+6NSC9Bc1u34D9UAjw=
github.com/gethugothemes/hugo-modules/images v0.0.0-20231025030535-37017d01a181/go.mod h1:FKliP3qOW9diIcQeLtyZ0Hdhg3PL8bdAkC/6O+XtU90=
github.com/gethugothemes/hugo-modules/images v0.0.0-20240925042433-d2b5d05977e8 h1:rGWMqcpmotd5G+q5HS9p9sC4GQF2hMxEesuJx8aKvKE=
github.com/gethugothemes/hugo-modules/images v0.0.0-20240925042433-d2b5d05977e8/go.mod h1:FKliP3qOW9diIcQeLtyZ0Hdhg3PL8bdAkC/6O+XtU90=